
Microsoft Visual Studio Solution File, Format Version 12.00
# Visual Studio Version 16
VisualStudioVersion = 16.0.31019.35
MinimumVisualStudioVersion = 10.0.40219.1
Project("{9A19103F-16F7-4668-BE54-9A1E7A4F7556}") = "HttpTriggerFunctionApp", "HttpTriggerFunctionApp\HttpTriggerFunctionApp.csproj", "{4C246944-601C-4AC3-96D7-23DCE08D1065}"
EndProject
Project("{FAE04EC0-301F-11D3-BF4B-00C04F79EFBC}") = "OueueTriggeredFunctionApp", "OueueTriggeredFunctionApp\OueueTriggeredFunctionApp.csproj", "{BD69D9EC-28D2-4ED5-9A7D-B2778F2E912C}"
EndProject
Global
	GlobalSection(SolutionConfigurationPlatforms) = preSolution
		Debug|Any CPU = Debug|Any CPU
		Release|Any CPU = Release|Any CPU
	EndGlobalSection
	GlobalSection(ProjectConfigurationPlatforms) = postSolution
		{4C246944-601C-4AC3-96D7-23DCE08D1065}.Debug|Any CPU.ActiveCfg = Debug|Any CPU
		{4C246944-601C-4AC3-96D7-23DCE08D1065}.Debug|Any CPU.Build.0 = Debug|Any CPU
		{4C246944-601C-4AC3-96D7-23DCE08D1065}.Release|Any CPU.ActiveCfg = Release|Any CPU
		{4C246944-601C-4AC3-96D7-23DCE08D1065}.Release|Any CPU.Build.0 = Release|Any CPU
		{BD69D9EC-28D2-4ED5-9A7D-B2778F2E912C}.Debug|Any CPU.ActiveCfg = Debug|Any CPU
		{BD69D9EC-28D2-4ED5-9A7D-B2778F2E912C}.Debug|Any CPU.Build.0 = Debug|Any CPU
		{BD69D9EC-28D2-4ED5-9A7D-B2778F2E912C}.Release|Any CPU.ActiveCfg = Release|Any CPU
		{BD69D9EC-28D2-4ED5-9A7D-B2778F2E912C}.Release|Any CPU.Build.0 = Release|Any CPU
	EndGlobalSection
	GlobalSection(SolutionProperties) = preSolution
		HideSolutionNode = FALSE
	EndGlobalSection
	GlobalSection(ExtensibilityGlobals) = postSolution
		SolutionGuid = {2EBC7711-2153-4B89-B281-136CC1E76E59}
	EndGlobalSection
EndGlobal
