
Microsoft Visual Studio Solution File, Format Version 12.00
# Visual Studio Version 16
VisualStudioVersion = 16.0.31019.35
MinimumVisualStudioVersion = 10.0.40219.1
Project("{9A19103F-16F7-4668-BE54-9A1E7A4F7556}") = "ServiceBusTopicsAPI", "ServiceBusTopicsAPI\ServiceBusTopicsAPI.csproj", "{D9AA5018-A39B-4C4E-8D37-7B65554B1F3E}"
EndProject
Project("{FAE04EC0-301F-11D3-BF4B-00C04F79EFBC}") = "AzureEventServiceBus", "AzureEventServiceBus\AzureEventServiceBus.csproj", "{0377B559-3B96-46C9-B23E-715AF8DAE92E}"
EndProject
Project("{FAE04EC0-301F-11D3-BF4B-00C04F79EFBC}") = "BasicEventBus", "BasicEventBus\BasicEventBus.csproj", "{C2FF3BA8-B435-4DBC-B76D-28647A3099F9}"
EndProject
Global
	GlobalSection(SolutionConfigurationPlatforms) = preSolution
		Debug|Any CPU = Debug|Any CPU
		Release|Any CPU = Release|Any CPU
	EndGlobalSection
	GlobalSection(ProjectConfigurationPlatforms) = postSolution
		{D9AA5018-A39B-4C4E-8D37-7B65554B1F3E}.Debug|Any CPU.ActiveCfg = Debug|Any CPU
		{D9AA5018-A39B-4C4E-8D37-7B65554B1F3E}.Debug|Any CPU.Build.0 = Debug|Any CPU
		{D9AA5018-A39B-4C4E-8D37-7B65554B1F3E}.Release|Any CPU.ActiveCfg = Release|Any CPU
		{D9AA5018-A39B-4C4E-8D37-7B65554B1F3E}.Release|Any CPU.Build.0 = Release|Any CPU
		{0377B559-3B96-46C9-B23E-715AF8DAE92E}.Debug|Any CPU.ActiveCfg = Debug|Any CPU
		{0377B559-3B96-46C9-B23E-715AF8DAE92E}.Debug|Any CPU.Build.0 = Debug|Any CPU
		{0377B559-3B96-46C9-B23E-715AF8DAE92E}.Release|Any CPU.ActiveCfg = Release|Any CPU
		{0377B559-3B96-46C9-B23E-715AF8DAE92E}.Release|Any CPU.Build.0 = Release|Any CPU
		{C2FF3BA8-B435-4DBC-B76D-28647A3099F9}.Debug|Any CPU.ActiveCfg = Debug|Any CPU
		{C2FF3BA8-B435-4DBC-B76D-28647A3099F9}.Debug|Any CPU.Build.0 = Debug|Any CPU
		{C2FF3BA8-B435-4DBC-B76D-28647A3099F9}.Release|Any CPU.ActiveCfg = Release|Any CPU
		{C2FF3BA8-B435-4DBC-B76D-28647A3099F9}.Release|Any CPU.Build.0 = Release|Any CPU
	EndGlobalSection
	GlobalSection(SolutionProperties) = preSolution
		HideSolutionNode = FALSE
	EndGlobalSection
	GlobalSection(ExtensibilityGlobals) = postSolution
		SolutionGuid = {837B514C-0E77-45C6-8F02-6BF3783E16F2}
	EndGlobalSection
EndGlobal
